// !$*UTF8*$!
{
	archiveVersion = 1;
	classes = {
	};
	objectVersion = 56;
	objects = {

/* Begin PBXBuildFile section */
		B9B9ADB829E5251500C82993 /* AppDelegate.swift in Sources */ = {isa = PBXBuildFile; fileRef = B9B9ADB729E5251500C82993 /* AppDelegate.swift */; };
		B9B9ADBA29E5251500C82993 /* SceneDelegate.swift in Sources */ = {isa = PBXBuildFile; fileRef = B9B9ADB929E5251500C82993 /* SceneDelegate.swift */; };
		B9B9ADBC29E5251500C82993 /* ViewController.swift in Sources */ = {isa = PBXBuildFile; fileRef = B9B9ADBB29E5251500C82993 /* ViewController.swift */; };
		B9B9ADBF29E5251500C82993 /* Main.storyboard in Resources */ = {isa = PBXBuildFile; fileRef = B9B9ADBD29E5251500C82993 /* Main.storyboard */; };
		B9B9ADC129E5251600C82993 /* Assets.xcassets in Resources */ = {isa = PBXBuildFile; fileRef = B9B9ADC029E5251600C82993 /* Assets.xcassets */; };
		B9B9ADC429E5251600C82993 /* LaunchScreen.storyboard in Resources */ = {isa = PBXBuildFile; fileRef = B9B9ADC229E5251600C82993 /* LaunchScreen.storyboard */; };
		B9B9ADCC29E528D100C82993 /* VegetableInfoViewController.swift in Sources */ = {isa = PBXBuildFile; fileRef = B9B9ADCB29E528D100C82993 /* VegetableInfoViewController.swift */; };
		B9B9ADD029E52B8800C82993 /* Vegetables.json in Resources */ = {isa = PBXBuildFile; fileRef = B9B9ADCF29E52B8800C82993 /* Vegetables.json */; };
		B9B9ADD229E52E8800C82993 /* Vegetable.swift in Sources */ = {isa = PBXBuildFile; fileRef = B9B9ADD129E52E8800C82993 /* Vegetable.swift */; };
/* End PBXBuildFile section */

/* Begin PBXFileReference section */
		B9B9ADB429E5251500C82993 /* VegetableSearchController.app */ = {isa = PBXFileReference; explicitFileType = wrapper.application; includeInIndex = 0; path = VegetableSearchController.app; sourceTree = BUILT_PRODUCTS_DIR; };
		B9B9ADB729E5251500C82993 /* AppDelegate.swift */ = {isa = PBXFileReference; lastKnownFileType = sourcecode.swift; path = AppDelegate.swift; sourceTree = "<group>"; };
		B9B9ADB929E5251500C82993 /* SceneDelegate.swift */ = {isa = PBXFileReference; lastKnownFileType = sourcecode.swift; path = SceneDelegate.swift; sourceTree = "<group>"; };
		B9B9ADBB29E5251500C82993 /* ViewController.swift */ = {isa = PBXFileReference; lastKnownFileType = sourcecode.swift; path = ViewController.swift; sourceTree = "<group>"; };
		B9B9ADBE29E5251500C82993 /* Base */ = {isa = PBXFileReference; lastKnownFileType = file.storyboard; name = Base; path = Base.lproj/Main.storyboard; sourceTree = "<group>"; };
		B9B9ADC029E5251600C82993 /* Assets.xcassets */ = {isa = PBXFileReference; lastKnownFileType = folder.assetcatalog; path = Assets.xcassets; sourceTree = "<group>"; };
		B9B9ADC329E5251600C82993 /* Base */ = {isa = PBXFileReference; lastKnownFileType = file.storyboard; name = Base; path = Base.lproj/LaunchScreen.storyboard; sourceTree = "<group>"; };
		B9B9ADC529E5251600C82993 /* Info.plist */ = {isa = PBXFileReference; lastKnownFileType = text.plist.xml; path = Info.plist; sourceTree = "<group>"; };
		B9B9ADCB29E528D100C82993 /* VegetableInfoViewController.swift */ = {isa = PBXFileReference; lastKnownFileType = sourcecode.swift; path = VegetableInfoViewController.swift; sourceTree = "<group>"; };
		B9B9ADCF29E52B8800C82993 /* Vegetables.json */ = {isa = PBXFileReference; lastKnownFileType = text.json; path = Vegetables.json; sourceTree = "<group>"; };
		B9B9ADD129E52E8800C82993 /* Vegetable.swift */ = {isa = PBXFileReference; lastKnownFileType = sourcecode.swift; path = Vegetable.swift; sourceTree = "<group>"; };
/* End PBXFileReference section */

/* Begin PBXFrameworksBuildPhase section */
		B9B9ADB129E5251500C82993 /* Frameworks */ = {
			isa = PBXFrameworksBuildPhase;
			buildActionMask = 2147483647;
			files = (
			);
			runOnlyForDeploymentPostprocessing = 0;
		};
/* End PBXFrameworksBuildPhase section */

/* Begin PBXGroup section */
		B9B9ADAB29E5251500C82993 = {
			isa = PBXGroup;
			children = (
				B9B9ADB629E5251500C82993 /* VegetableSearchController */,
				B9B9ADB529E5251500C82993 /* Products */,
			);
			sourceTree = "<group>";
		};
		B9B9ADB529E5251500C82993 /* Products */ = {
			isa = PBXGroup;
			children = (
				B9B9ADB429E5251500C82993 /* VegetableSearchController.app */,
			);
			name = Products;
			sourceTree = "<group>";
		};
		B9B9ADB629E5251500C82993 /* VegetableSearchController */ = {
			isa = PBXGroup;
			children = (
				B9B9ADB729E5251500C82993 /* AppDelegate.swift */,
				B9B9ADB929E5251500C82993 /* SceneDelegate.swift */,
				B9B9ADBB29E5251500C82993 /* ViewController.swift */,
				B9B9ADCB29E528D100C82993 /* VegetableInfoViewController.swift */,
				B9B9ADCF29E52B8800C82993 /* Vegetables.json */,
				B9B9ADD129E52E8800C82993 /* Vegetable.swift */,
				B9B9ADBD29E5251500C82993 /* Main.storyboard */,
				B9B9ADC029E5251600C82993 /* Assets.xcassets */,
				B9B9ADC229E5251600C82993 /* LaunchScreen.storyboard */,
				B9B9ADC529E5251600C82993 /* Info.plist */,
			);
			path = VegetableSearchController;
			sourceTree = "<group>";
		};
/* End PBXGroup section */

/* Begin PBXNativeTarget section */
		B9B9ADB329E5251500C82993 /* VegetableSearchController */ = {
			isa = PBXNativeTarget;
			buildConfigurationList = B9B9ADC829E5251600C82993 /* Build configuration list for PBXNativeTarget "VegetableSearchController" */;
			buildPhases = (
				B9B9ADB029E5251500C82993 /* Sources */,
				B9B9ADB129E5251500C82993 /* Frameworks */,
				B9B9ADB229E5251500C82993 /* Resources */,
			);
			buildRules = (
			);
			dependencies = (
			);
			name = VegetableSearchController;
			productName = VegetableSearchController;
			productReference = B9B9ADB429E5251500C82993 /* VegetableSearchController.app */;
			productType = "com.apple.product-type.application";
		};
/* End PBXNativeTarget section */

/* Begin PBXProject section */
		B9B9ADAC29E5251500C82993 /* Project object */ = {
			isa = PBXProject;
			attributes = {
				BuildIndependentTargetsInParallel = 1;
				LastSwiftUpdateCheck = 1430;
				LastUpgradeCheck = 1430;
				TargetAttributes = {
					B9B9ADB329E5251500C82993 = {
						CreatedOnToolsVersion = 14.3;
					};
				};
			};
			buildConfigurationList = B9B9ADAF29E5251500C82993 /* Build configuration list for PBXProject "VegetableSearchController" */;
			compatibilityVersion = "Xcode 14.0";
			developmentRegion = en;
			hasScannedForEncodings = 0;
			knownRegions = (
				en,
				Base,
			);
			mainGroup = B9B9ADAB29E5251500C82993;
			productRefGroup = B9B9ADB529E5251500C82993 /* Products */;
			projectDirPath = "";
			projectRoot = "";
			targets = (
				B9B9ADB329E5251500C82993 /* VegetableSearchController */,
			);
		};
/* End PBXProject section */

/* Begin PBXResourcesBuildPhase section */
		B9B9ADB229E5251500C82993 /* Resources */ = {
			isa = PBXResourcesBuildPhase;
			buildActionMask = 2147483647;
			files = (
				B9B9ADC429E5251600C82993 /* LaunchScreen.storyboard in Resources */,
				B9B9ADD029E52B8800C82993 /* Vegetables.json in Resources */,
				B9B9ADC129E5251600C82993 /* Assets.xcassets in Resources */,
				B9B9ADBF29E5251500C82993 /* Main.storyboard in Resources */,
			);
			runOnlyForDeploymentPostprocessing = 0;
		};
/* End PBXResourcesBuildPhase section */

/* Begin PBXSourcesBuildPhase section */
		B9B9ADB029E5251500C82993 /* Sources */ = {
			isa = PBXSourcesBuildPhase;
			buildActionMask = 2147483647;
			files = (
				B9B9ADBC29E5251500C82993 /* ViewController.swift in Sources */,
				B9B9ADB829E5251500C82993 /* AppDelegate.swift in Sources */,
				B9B9ADD229E52E8800C82993 /* Vegetable.swift in Sources */,
				B9B9ADCC29E528D100C82993 /* VegetableInfoViewController.swift in Sources */,
				B9B9ADBA29E5251500C82993 /* SceneDelegate.swift in Sources */,
			);
			runOnlyForDeploymentPostprocessing = 0;
		};
/* End PBXSourcesBuildPhase section */

/* Begin PBXVariantGroup section */
		B9B9ADBD29E5251500C82993 /* Main.storyboard */ = {
			isa = PBXVariantGroup;
			children = (
				B9B9ADBE29E5251500C82993 /* Base */,
			);
			name = Main.storyboard;
			sourceTree = "<group>";
		};
		B9B9ADC229E5251600C82993 /* LaunchScreen.storyboard */ = {
			isa = PBXVariantGroup;
			children = (
				B9B9ADC329E5251600C82993 /* Base */,
			);
			name = LaunchScreen.storyboard;
			sourceTree = "<group>";
		};
/* End PBXVariantGroup section */

/* Begin XCBuildConfiguration section */
		B9B9ADC629E5251600C82993 /* Debug */ = {
			isa = XCBuildConfiguration;
			buildSettings = {
				ALWAYS_SEARCH_USER_PATHS = NO;
				CLANG_ANALYZER_NONNULL = YES;
				CLANG_ANALYZER_NUMBER_OBJECT_CONVERSION = YES_AGGRESSIVE;
				CLANG_CXX_LANGUAGE_STANDARD = "gnu++20";
				CLANG_ENABLE_MODULES = YES;
				CLANG_ENABLE_OBJC_ARC = YES;
				CLANG_ENABLE_OBJC_WEAK = YES;
				CLANG_WARN_BLOCK_CAPTURE_AUTORELEASING = YES;
				CLANG_WARN_BOOL_CONVERSION = YES;
				CLANG_WARN_COMMA = YES;
				CLANG_WARN_CONSTANT_CONVERSION = YES;
				CLANG_WARN_DEPRECATED_OBJC_IMPLEMENTATIONS = YES;
				CLANG_WARN_DIRECT_OBJC_ISA_USAGE = YES_ERROR;
				CLANG_WARN_DOCUMENTATION_COMMENTS = YES;
				CLANG_WARN_EMPTY_BODY = YES;
				CLANG_WARN_ENUM_CONVERSION = YES;
				CLANG_WARN_INFINITE_RECURSION = YES;
				CLANG_WARN_INT_CONVERSION = YES;
				CLANG_WARN_NON_LITERAL_NULL_CONVERSION = YES;
				CLANG_WARN_OBJC_IMPLICIT_RETAIN_SELF = YES;
				CLANG_WARN_OBJC_LITERAL_CONVERSION = YES;
				CLANG_WARN_OBJC_ROOT_CLASS = YES_ERROR;
				CLANG_WARN_QUOTED_INCLUDE_IN_FRAMEWORK_HEADER = YES;
				CLANG_WARN_RANGE_LOOP_ANALYSIS = YES;
				CLANG_WARN_STRICT_PROTOTYPES = YES;
				CLANG_WARN_SUSPICIOUS_MOVE = YES;
				CLANG_WARN_UNGUARDED_AVAILABILITY = YES_AGGRESSIVE;
				CLANG_WARN_UNREACHABLE_CODE = YES;
				CLANG_WARN__DUPLICATE_METHOD_MATCH = YES;
				COPY_PHASE_STRIP = NO;
				DEBUG_INFORMATION_FORMAT = dwarf;
				ENABLE_STRICT_OBJC_MSGSEND = YES;
				ENABLE_TESTABILITY = YES;
				GCC_C_LANGUAGE_STANDARD = gnu11;
				GCC_DYNAMIC_NO_PIC = NO;
				GCC_NO_COMMON_BLOCKS = YES;
				GCC_OPTIMIZATION_LEVEL = 0;
				GCC_PREPROCESSOR_DEFINITIONS = (
					"DEBUG=1",
					"$(inherited)",
				);
				GCC_WARN_64_TO_32_BIT_CONVERSION = YES;
				GCC_WARN_ABOUT_RETURN_TYPE = YES_ERROR;
				GCC_WARN_UNDECLARED_SELECTOR = YES;
				GCC_WARN_UNINITIALIZED_AUTOS = YES_AGGRESSIVE;
				GCC_WARN_UNUSED_FUNCTION = YES;
				GCC_WARN_UNUSED_VARIABLE = YES;
				IPHONEOS_DEPLOYMENT_TARGET = 16.4;
				MTL_ENABLE_DEBUG_INFO = INCLUDE_SOURCE;
				MTL_FAST_MATH = YES;
				ONLY_ACTIVE_ARCH = YES;
				SDKROOT = iphoneos;
				SWIFT_ACTIVE_COMPILATION_CONDITIONS = DEBUG;
				SWIFT_OPTIMIZATION_LEVEL = "-Onone";
			};
			name = Debug;
		};
		B9B9ADC729E5251600C82993 /* Release */ = {
			isa = XCBuildConfiguration;
			buildSettings = {
				ALWAYS_SEARCH_USER_PATHS = NO;
				CLANG_ANALYZER_NONNULL = YES;
				CLANG_ANALYZER_NUMBER_OBJECT_CONVERSION = YES_AGGRESSIVE;
				CLANG_CXX_LANGUAGE_STANDARD = "gnu++20";
				CLANG_ENABLE_MODULES = YES;
				CLANG_ENABLE_OBJC_ARC = YES;
				CLANG_ENABLE_OBJC_WEAK = YES;
				CLANG_WARN_BLOCK_CAPTURE_AUTORELEASING = YES;
				CLANG_WARN_BOOL_CONVERSION = YES;
				CLANG_WARN_COMMA = YES;
				CLANG_WARN_CONSTANT_CONVERSION = YES;
				CLANG_WARN_DEPRECATED_OBJC_IMPLEMENTATIONS = YES;
				CLANG_WARN_DIRECT_OBJC_ISA_USAGE = YES_ERROR;
				CLANG_WARN_DOCUMENTATION_COMMENTS = YES;
				CLANG_WARN_EMPTY_BODY = YES;
				CLANG_WARN_ENUM_CONVERSION = YES;
				CLANG_WARN_INFINITE_RECURSION = YES;
				CLANG_WARN_INT_CONVERSION = YES;
				CLANG_WARN_NON_LITERAL_NULL_CONVERSION = YES;
				CLANG_WARN_OBJC_IMPLICIT_RETAIN_SELF = YES;
				CLANG_WARN_OBJC_LITERAL_CONVERSION = YES;
				CLANG_WARN_OBJC_ROOT_CLASS = YES_ERROR;
				CLANG_WARN_QUOTED_INCLUDE_IN_FRAMEWORK_HEADER = YES;
				CLANG_WARN_RANGE_LOOP_ANALYSIS = YES;
				CLANG_WARN_STRICT_PROTOTYPES = YES;
				CLANG_WARN_SUSPICIOUS_MOVE = YES;
				CLANG_WARN_UNGUARDED_AVAILABILITY = YES_AGGRESSIVE;
				CLANG_WARN_UNREACHABLE_CODE = YES;
				CLANG_WARN__DUPLICATE_METHOD_MATCH = YES;
				COPY_PHASE_STRIP = NO;
				DEBUG_INFORMATION_FORMAT = "dwarf-with-dsym";
				ENABLE_NS_ASSERTIONS = NO;
				ENABLE_STRICT_OBJC_MSGSEND = YES;
				GCC_C_LANGUAGE_STANDARD = gnu11;
				GCC_NO_COMMON_BLOCKS = YES;
				GCC_WARN_64_TO_32_BIT_CONVERSION = YES;
				GCC_WARN_ABOUT_RETURN_TYPE = YES_ERROR;
				GCC_WARN_UNDECLARED_SELECTOR = YES;
				GCC_WARN_UNINITIALIZED_AUTOS = YES_AGGRESSIVE;
				GCC_WARN_UNUSED_FUNCTION = YES;
				GCC_WARN_UNUSED_VARIABLE = YES;
				IPHONEOS_DEPLOYMENT_TARGET = 16.4;
				MTL_ENABLE_DEBUG_INFO = NO;
				MTL_FAST_MATH = YES;
				SDKROOT = iphoneos;
				SWIFT_COMPILATION_MODE = wholemodule;
				SWIFT_OPTIMIZATION_LEVEL = "-O";
				VALIDATE_PRODUCT = YES;
			};
			name = Release;
		};
		B9B9ADC929E5251600C82993 /* Debug */ = {
			isa = XCBuildConfiguration;
			buildSettings = {
				ASSETCATALOG_COMPILER_APPICON_NAME = AppIcon;
				ASSETCATALOG_COMPILER_GLOBAL_ACCENT_COLOR_NAME = AccentColor;
				CODE_SIGN_STYLE = Automatic;
				CURRENT_PROJECT_VERSION = 1;
				GENERATE_INFOPLIST_FILE = YES;
				INFOPLIST_FILE = VegetableSearchController/Info.plist;
				INFOPLIST_KEY_UIApplicationSupportsIndirectInputEvents = YES;
				INFOPLIST_KEY_UILaunchStoryboardName = LaunchScreen;
				INFOPLIST_KEY_UIMainStoryboardFile = Main;
				INFOPLIST_KEY_UISupportedInterfaceOrientations_iPad = "UIInterfaceOrientationPortrait UIInterfaceOrientationPortraitUpsideDown UIInterfaceOrientationLandscapeLeft UIInterfaceOrientationLandscapeRight";
				INFOPLIST_KEY_UISupportedInterfaceOrientations_iPhone = "UIInterfaceOrientationPortrait UIInterfaceOrientationLandscapeLeft UIInterfaceOrientationLandscapeRight";
				LD_RUNPATH_SEARCH_PATHS = (
					"$(inherited)",
					"@executable_path/Frameworks",
				);
				MARKETING_VERSION = 1.0;
				PRODUCT_BUNDLE_IDENTIFIER = com.sakshiyelmame.VegetableSearchController;
				PRODUCT_NAME = "$(TARGET_NAME)";
				SWIFT_EMIT_LOC_STRINGS = YES;
				SWIFT_VERSION = 5.0;
				TARGETED_DEVICE_FAMILY = "1,2";
			};
			name = Debug;
		};
		B9B9ADCA29E5251600C82993 /* Release */ = {
			isa = XCBuildConfiguration;
			buildSettings = {
				ASSETCATALOG_COMPILER_APPICON_NAME = AppIcon;
				ASSETCATALOG_COMPILER_GLOBAL_ACCENT_COLOR_NAME = AccentColor;
				CODE_SIGN_STYLE = Automatic;
				CURRENT_PROJECT_VERSION = 1;
				GENERATE_INFOPLIST_FILE = YES;
				INFOPLIST_FILE = VegetableSearchController/Info.plist;
				INFOPLIST_KEY_UIApplicationSupportsIndirectInputEvents = YES;
				INFOPLIST_KEY_UILaunchStoryboardName = LaunchScreen;
				INFOPLIST_KEY_UIMainStoryboardFile = Main;
				INFOPLIST_KEY_UISupportedInterfaceOrientations_iPad = "UIInterfaceOrientationPortrait UIInterfaceOrientationPortraitUpsideDown UIInterfaceOrientationLandscapeLeft UIInterfaceOrientationLandscapeRight";
				INFOPLIST_KEY_UISupportedInterfaceOrientations_iPhone = "UIInterfaceOrientationPortrait UIInterfaceOrientationLandscapeLeft UIInterfaceOrientationLandscapeRight";
				LD_RUNPATH_SEARCH_PATHS = (
					"$(inherited)",
					"@executable_path/Frameworks",
				);
				MARKETING_VERSION = 1.0;
				PRODUCT_BUNDLE_IDENTIFIER = com.sakshiyelmame.VegetableSearchController;
				PRODUCT_NAME = "$(TARGET_NAME)";
				SWIFT_EMIT_LOC_STRINGS = YES;
				SWIFT_VERSION = 5.0;
				TARGETED_DEVICE_FAMILY = "1,2";
			};
			name = Release;
		};
/* End XCBuildConfiguration section */

/* Begin XCConfigurationList section */
		B9B9ADAF29E5251500C82993 /* Build configuration list for PBXProject "VegetableSearchController" */ = {
			isa = XCConfigurationList;
			buildConfigurations = (
				B9B9ADC629E5251600C82993 /* Debug */,
				B9B9ADC729E5251600C82993 /* Release */,
			);
			defaultConfigurationIsVisible = 0;
			defaultConfigurationName = Release;
		};
		B9B9ADC829E5251600C82993 /* Build configuration list for PBXNativeTarget "VegetableSearchController" */ = {
			isa = XCConfigurationList;
			buildConfigurations = (
				B9B9ADC929E5251600C82993 /* Debug */,
				B9B9ADCA29E5251600C82993 /* Release */,
			);
			defaultConfigurationIsVisible = 0;
			defaultConfigurationName = Release;
		};
/* End XCConfigurationList section */
	};
	rootObject = B9B9ADAC29E5251500C82993 /* Project object */;
}
